
Microsoft Visual Studio Solution File, Format Version 12.00
# Visual Studio Version 17
VisualStudioVersion = 17.6.33723.286
MinimumVisualStudioVersion = 10.0.40219.1
Project("{FAE04EC0-301F-11D3-BF4B-00C04F79EFBC}") = "MarketApplication", "MarketApplication\MarketApplication.csproj", "{3D504FE6-6E83-4732-9689-BD81038B35AF}"
EndProject
Global
	GlobalSection(SolutionConfigurationPlatforms) = preSolution
		Debug|Any CPU = Debug|Any CPU
		Release|Any CPU = Release|Any CPU
	EndGlobalSection
	GlobalSection(ProjectConfigurationPlatforms) = postSolution
		{3D504FE6-6E83-4732-9689-BD81038B35AF}.Debug|Any CPU.ActiveCfg = Debug|Any CPU
		{3D504FE6-6E83-4732-9689-BD81038B35AF}.Debug|Any CPU.Build.0 = Debug|Any CPU
		{3D504FE6-6E83-4732-9689-BD81038B35AF}.Release|Any CPU.ActiveCfg = Release|Any CPU
		{3D504FE6-6E83-4732-9689-BD81038B35AF}.Release|Any CPU.Build.0 = Release|Any CPU
	EndGlobalSection
	GlobalSection(SolutionProperties) = preSolution
		HideSolutionNode = FALSE
	EndGlobalSection
	GlobalSection(ExtensibilityGlobals) = postSolution
		SolutionGuid = {756C66CD-8D9D-466A-A5D8-534CB9589279}
	EndGlobalSection
EndGlobal
